
Microsoft Visual Studio Solution File, Format Version 12.00
# Visual Studio 14
VisualStudioVersion = 14.0.25420.1
MinimumVisualStudioVersion = 10.0.40219.1
Project("{FAE04EC0-301F-11D3-BF4B-00C04F79EFBC}") = "Person_Component", "Person_Component\Person_Component.csproj", "{34621996-8448-4FCB-B5A2-BACCFAC3EA73}"
EndProject
Project("{FAE04EC0-301F-11D3-BF4B-00C04F79EFBC}") = "Person_DAO", "Person_DAO\Person_DAO.csproj", "{D21B396D-53D4-4342-8814-8B41DA13B414}"
EndProject
Project("{FAE04EC0-301F-11D3-BF4B-00C04F79EFBC}") = "Person_Entity", "Person_Entity\Person_Entity.csproj", "{92476B95-B783-4F31-9BAF-DB8E6146D38E}"
EndProject
Project("{FAE04EC0-301F-11D3-BF4B-00C04F79EFBC}") = "Person_Logic", "Person_Logic\Person_Logic.csproj", "{697D57C8-0463-4622-B3C2-9B9AC478818C}"
EndProject
Global
	GlobalSection(SolutionConfigurationPlatforms) = preSolution
		Debug|Any CPU = Debug|Any CPU
		Release|Any CPU = Release|Any CPU
	EndGlobalSection
	GlobalSection(ProjectConfigurationPlatforms) = postSolution
		{34621996-8448-4FCB-B5A2-BACCFAC3EA73}.Debug|Any CPU.ActiveCfg = Debug|Any CPU
		{34621996-8448-4FCB-B5A2-BACCFAC3EA73}.Debug|Any CPU.Build.0 = Debug|Any CPU
		{34621996-8448-4FCB-B5A2-BACCFAC3EA73}.Release|Any CPU.ActiveCfg = Release|Any CPU
		{34621996-8448-4FCB-B5A2-BACCFAC3EA73}.Release|Any CPU.Build.0 = Release|Any CPU
		{D21B396D-53D4-4342-8814-8B41DA13B414}.Debug|Any CPU.ActiveCfg = Debug|Any CPU
		{D21B396D-53D4-4342-8814-8B41DA13B414}.Debug|Any CPU.Build.0 = Debug|Any CPU
		{D21B396D-53D4-4342-8814-8B41DA13B414}.Release|Any CPU.ActiveCfg = Release|Any CPU
		{D21B396D-53D4-4342-8814-8B41DA13B414}.Release|Any CPU.Build.0 = Release|Any CPU
		{92476B95-B783-4F31-9BAF-DB8E6146D38E}.Debug|Any CPU.ActiveCfg = Debug|Any CPU
		{92476B95-B783-4F31-9BAF-DB8E6146D38E}.Debug|Any CPU.Build.0 = Debug|Any CPU
		{92476B95-B783-4F31-9BAF-DB8E6146D38E}.Release|Any CPU.ActiveCfg = Release|Any CPU
		{92476B95-B783-4F31-9BAF-DB8E6146D38E}.Release|Any CPU.Build.0 = Release|Any CPU
		{697D57C8-0463-4622-B3C2-9B9AC478818C}.Debug|Any CPU.ActiveCfg = Debug|Any CPU
		{697D57C8-0463-4622-B3C2-9B9AC478818C}.Debug|Any CPU.Build.0 = Debug|Any CPU
		{697D57C8-0463-4622-B3C2-9B9AC478818C}.Release|Any CPU.ActiveCfg = Release|Any CPU
		{697D57C8-0463-4622-B3C2-9B9AC478818C}.Release|Any CPU.Build.0 = Release|Any CPU
	EndGlobalSection
	GlobalSection(SolutionProperties) = preSolution
		HideSolutionNode = FALSE
	EndGlobalSection
EndGlobal
